
Microsoft Visual Studio Solution File, Format Version 12.00
# Visual Studio Version 17
VisualStudioVersion = 17.10.35013.160
MinimumVisualStudioVersion = 10.0.40219.1
Project("{FAE04EC0-301F-11D3-BF4B-00C04F79EFBC}") = "Matrices", "Matrices.csproj", "{284EF661-BD81-4F8A-B6C2-81C544179095}"
EndProject
Global
	GlobalSection(SolutionConfigurationPlatforms) = preSolution
		Debug|Any CPU = Debug|Any CPU
		Release|Any CPU = Release|Any CPU
	EndGlobalSection
	GlobalSection(ProjectConfigurationPlatforms) = postSolution
		{284EF661-BD81-4F8A-B6C2-81C544179095}.Debug|Any CPU.ActiveCfg = Debug|Any CPU
		{284EF661-BD81-4F8A-B6C2-81C544179095}.Debug|Any CPU.Build.0 = Debug|Any CPU
		{284EF661-BD81-4F8A-B6C2-81C544179095}.Release|Any CPU.ActiveCfg = Release|Any CPU
		{284EF661-BD81-4F8A-B6C2-81C544179095}.Release|Any CPU.Build.0 = Release|Any CPU
	EndGlobalSection
	GlobalSection(SolutionProperties) = preSolution
		HideSolutionNode = FALSE
	EndGlobalSection
	GlobalSection(ExtensibilityGlobals) = postSolution
		SolutionGuid = {2BA3860F-C3C8-49EC-9657-B6BD45B727E7}
	EndGlobalSection
EndGlobal
