
Microsoft Visual Studio Solution File, Format Version 12.00
# Visual Studio Version 17
VisualStudioVersion = 17.10.35013.160
MinimumVisualStudioVersion = 10.0.40219.1
Project("{FAE04EC0-301F-11D3-BF4B-00C04F79EFBC}") = "Sentenciaif", "Sentenciaif.csproj", "{87FF6C0C-836A-4AD0-9BF4-1FE23C1B3365}"
EndProject
Global
	GlobalSection(SolutionConfigurationPlatforms) = preSolution
		Debug|Any CPU = Debug|Any CPU
		Release|Any CPU = Release|Any CPU
	EndGlobalSection
	GlobalSection(ProjectConfigurationPlatforms) = postSolution
		{87FF6C0C-836A-4AD0-9BF4-1FE23C1B3365}.Debug|Any CPU.ActiveCfg = Debug|Any CPU
		{87FF6C0C-836A-4AD0-9BF4-1FE23C1B3365}.Debug|Any CPU.Build.0 = Debug|Any CPU
		{87FF6C0C-836A-4AD0-9BF4-1FE23C1B3365}.Release|Any CPU.ActiveCfg = Release|Any CPU
		{87FF6C0C-836A-4AD0-9BF4-1FE23C1B3365}.Release|Any CPU.Build.0 = Release|Any CPU
	EndGlobalSection
	GlobalSection(SolutionProperties) = preSolution
		HideSolutionNode = FALSE
	EndGlobalSection
	GlobalSection(ExtensibilityGlobals) = postSolution
		SolutionGuid = {41F9CA74-E19E-4DED-9213-D5C420532266}
	EndGlobalSection
EndGlobal
