
Microsoft Visual Studio Solution File, Format Version 12.00
# Visual Studio Version 17
VisualStudioVersion = 17.10.35013.160
MinimumVisualStudioVersion = 10.0.40219.1
Project("{FAE04EC0-301F-11D3-BF4B-00C04F79EFBC}") = "CicloGoto", "CicloGoto.csproj", "{5B499C79-DEC3-4AC6-B1C2-E3166401BE45}"
EndProject
Global
	GlobalSection(SolutionConfigurationPlatforms) = preSolution
		Debug|Any CPU = Debug|Any CPU
		Release|Any CPU = Release|Any CPU
	EndGlobalSection
	GlobalSection(ProjectConfigurationPlatforms) = postSolution
		{5B499C79-DEC3-4AC6-B1C2-E3166401BE45}.Debug|Any CPU.ActiveCfg = Debug|Any CPU
		{5B499C79-DEC3-4AC6-B1C2-E3166401BE45}.Debug|Any CPU.Build.0 = Debug|Any CPU
		{5B499C79-DEC3-4AC6-B1C2-E3166401BE45}.Release|Any CPU.ActiveCfg = Release|Any CPU
		{5B499C79-DEC3-4AC6-B1C2-E3166401BE45}.Release|Any CPU.Build.0 = Release|Any CPU
	EndGlobalSection
	GlobalSection(SolutionProperties) = preSolution
		HideSolutionNode = FALSE
	EndGlobalSection
	GlobalSection(ExtensibilityGlobals) = postSolution
		SolutionGuid = {3304D8EE-045A-43F3-BED4-55EC007E0EBC}
	EndGlobalSection
EndGlobal
