
Microsoft Visual Studio Solution File, Format Version 12.00
# Visual Studio Version 17
VisualStudioVersion = 17.10.35013.160
MinimumVisualStudioVersion = 10.0.40219.1
Project("{FAE04EC0-301F-11D3-BF4B-00C04F79EFBC}") = "ListaDeArreglos", "ListaDeArreglos.csproj", "{72159996-0D36-4410-ACA0-F271C721B91D}"
EndProject
Global
	GlobalSection(SolutionConfigurationPlatforms) = preSolution
		Debug|Any CPU = Debug|Any CPU
		Release|Any CPU = Release|Any CPU
	EndGlobalSection
	GlobalSection(ProjectConfigurationPlatforms) = postSolution
		{72159996-0D36-4410-ACA0-F271C721B91D}.Debug|Any CPU.ActiveCfg = Debug|Any CPU
		{72159996-0D36-4410-ACA0-F271C721B91D}.Debug|Any CPU.Build.0 = Debug|Any CPU
		{72159996-0D36-4410-ACA0-F271C721B91D}.Release|Any CPU.ActiveCfg = Release|Any CPU
		{72159996-0D36-4410-ACA0-F271C721B91D}.Release|Any CPU.Build.0 = Release|Any CPU
	EndGlobalSection
	GlobalSection(SolutionProperties) = preSolution
		HideSolutionNode = FALSE
	EndGlobalSection
	GlobalSection(ExtensibilityGlobals) = postSolution
		SolutionGuid = {69A4A2BD-91EA-4540-AE8E-67B1B3E8BF69}
	EndGlobalSection
EndGlobal
