
Microsoft Visual Studio Solution File, Format Version 12.00
# Visual Studio Version 17
VisualStudioVersion = 17.10.35013.160
MinimumVisualStudioVersion = 10.0.40219.1
Project("{FAE04EC0-301F-11D3-BF4B-00C04F79EFBC}") = "CicloForeach", "CicloForeach.csproj", "{5FB1741F-7E62-4D1A-9AC6-FF9AE0313AA9}"
EndProject
Global
	GlobalSection(SolutionConfigurationPlatforms) = preSolution
		Debug|Any CPU = Debug|Any CPU
		Release|Any CPU = Release|Any CPU
	EndGlobalSection
	GlobalSection(ProjectConfigurationPlatforms) = postSolution
		{5FB1741F-7E62-4D1A-9AC6-FF9AE0313AA9}.Debug|Any CPU.ActiveCfg = Debug|Any CPU
		{5FB1741F-7E62-4D1A-9AC6-FF9AE0313AA9}.Debug|Any CPU.Build.0 = Debug|Any CPU
		{5FB1741F-7E62-4D1A-9AC6-FF9AE0313AA9}.Release|Any CPU.ActiveCfg = Release|Any CPU
		{5FB1741F-7E62-4D1A-9AC6-FF9AE0313AA9}.Release|Any CPU.Build.0 = Release|Any CPU
	EndGlobalSection
	GlobalSection(SolutionProperties) = preSolution
		HideSolutionNode = FALSE
	EndGlobalSection
	GlobalSection(ExtensibilityGlobals) = postSolution
		SolutionGuid = {CDA9874F-8E35-4F34-A82D-A3233D483D0F}
	EndGlobalSection
EndGlobal
