
Microsoft Visual Studio Solution File, Format Version 12.00
# Visual Studio Version 17
VisualStudioVersion = 17.10.35013.160
MinimumVisualStudioVersion = 10.0.40219.1
Project("{FAE04EC0-301F-11D3-BF4B-00C04F79EFBC}") = "VariablesYTiposDeDatos", "VariablesYTiposDeDatos.csproj", "{C31E5623-0D31-4A33-8CC8-01BEAF15B69E}"
EndProject
Global
	GlobalSection(SolutionConfigurationPlatforms) = preSolution
		Debug|Any CPU = Debug|Any CPU
		Release|Any CPU = Release|Any CPU
	EndGlobalSection
	GlobalSection(ProjectConfigurationPlatforms) = postSolution
		{C31E5623-0D31-4A33-8CC8-01BEAF15B69E}.Debug|Any CPU.ActiveCfg = Debug|Any CPU
		{C31E5623-0D31-4A33-8CC8-01BEAF15B69E}.Debug|Any CPU.Build.0 = Debug|Any CPU
		{C31E5623-0D31-4A33-8CC8-01BEAF15B69E}.Release|Any CPU.ActiveCfg = Release|Any CPU
		{C31E5623-0D31-4A33-8CC8-01BEAF15B69E}.Release|Any CPU.Build.0 = Release|Any CPU
	EndGlobalSection
	GlobalSection(SolutionProperties) = preSolution
		HideSolutionNode = FALSE
	EndGlobalSection
	GlobalSection(ExtensibilityGlobals) = postSolution
		SolutionGuid = {77FA7187-D2F6-4B6B-90DE-B1D408B2956C}
	EndGlobalSection
EndGlobal
